
Microsoft Visual Studio Solution File, Format Version 12.00
# Visual Studio Version 17
VisualStudioVersion = 17.8.34511.84
MinimumVisualStudioVersion = 10.0.40219.1
Project("{9A19103F-16F7-4668-BE54-9A1E7A4F7556}") = "TestesXUnit", "TestesXUnit.csproj", "{6F187ED5-2905-46C3-9D4F-F7C134E962E1}"
EndProject
Project("{9A19103F-16F7-4668-BE54-9A1E7A4F7556}") = "AtividadesMetodos", "..\AtividadesTesteBackEnd\AtividadesMetodos.csproj", "{8D7279BE-D2FD-40E3-A5A1-1EAAEE5FDE17}"
EndProject
Global
	GlobalSection(SolutionConfigurationPlatforms) = preSolution
		Debug|Any CPU = Debug|Any CPU
		Release|Any CPU = Release|Any CPU
	EndGlobalSection
	GlobalSection(ProjectConfigurationPlatforms) = postSolution
		{6F187ED5-2905-46C3-9D4F-F7C134E962E1}.Debug|Any CPU.ActiveCfg = Debug|Any CPU
		{6F187ED5-2905-46C3-9D4F-F7C134E962E1}.Debug|Any CPU.Build.0 = Debug|Any CPU
		{6F187ED5-2905-46C3-9D4F-F7C134E962E1}.Release|Any CPU.ActiveCfg = Release|Any CPU
		{6F187ED5-2905-46C3-9D4F-F7C134E962E1}.Release|Any CPU.Build.0 = Release|Any CPU
		{8D7279BE-D2FD-40E3-A5A1-1EAAEE5FDE17}.Debug|Any CPU.ActiveCfg = Debug|Any CPU
		{8D7279BE-D2FD-40E3-A5A1-1EAAEE5FDE17}.Debug|Any CPU.Build.0 = Debug|Any CPU
		{8D7279BE-D2FD-40E3-A5A1-1EAAEE5FDE17}.Release|Any CPU.ActiveCfg = Release|Any CPU
		{8D7279BE-D2FD-40E3-A5A1-1EAAEE5FDE17}.Release|Any CPU.Build.0 = Release|Any CPU
	EndGlobalSection
	GlobalSection(SolutionProperties) = preSolution
		HideSolutionNode = FALSE
	EndGlobalSection
	GlobalSection(ExtensibilityGlobals) = postSolution
		SolutionGuid = {028A19ED-F9B4-4595-A761-5EA3941A9202}
	EndGlobalSection
EndGlobal
